
Microsoft Visual Studio Solution File, Format Version 12.00
# Visual Studio Version 17
VisualStudioVersion = 17.3.32901.215
MinimumVisualStudioVersion = 10.0.40219.1
Project("{FAE04EC0-301F-11D3-BF4B-00C04F79EFBC}") = "classes", "classes\classes.csproj", "{E3130239-8317-4A1B-AD42-6A18E0AA675E}"
EndProject
Global
	GlobalSection(SolutionConfigurationPlatforms) = preSolution
		Debug|Any CPU = Debug|Any CPU
		Release|Any CPU = Release|Any CPU
	EndGlobalSection
	GlobalSection(ProjectConfigurationPlatforms) = postSolution
		{E3130239-8317-4A1B-AD42-6A18E0AA675E}.Debug|Any CPU.ActiveCfg = Debug|Any CPU
		{E3130239-8317-4A1B-AD42-6A18E0AA675E}.Debug|Any CPU.Build.0 = Debug|Any CPU
		{E3130239-8317-4A1B-AD42-6A18E0AA675E}.Release|Any CPU.ActiveCfg = Release|Any CPU
		{E3130239-8317-4A1B-AD42-6A18E0AA675E}.Release|Any CPU.Build.0 = Release|Any CPU
	EndGlobalSection
	GlobalSection(SolutionProperties) = preSolution
		HideSolutionNode = FALSE
	EndGlobalSection
	GlobalSection(ExtensibilityGlobals) = postSolution
		SolutionGuid = {94A3DB8E-FCBC-40D0-BC5E-1B8C2F608EC9}
	EndGlobalSection
EndGlobal
